version = 1
revision = 2
requires-python = ">=3.12"

[[package]]
name = "about-time"
version = "4.2.1"
source = { registry = "https://pypi.org/simple" }
sdist = { url = "https://files.pythonhosted.org/packages/1c/3f/ccb16bdc53ebb81c1bf837c1ee4b5b0b69584fd2e4a802a2a79936691c0a/about-time-4.2.1.tar.gz", hash = "sha256:6a538862d33ce67d997429d14998310e1dbfda6cb7d9bbfbf799c4709847fece", size = 15380, upload-time = "2022-12-21T04:15:54.991Z" }
wheels = [
    { url = "https://files.pythonhosted.org/packages/fb/cd/7ee00d6aa023b1d0551da0da5fee3bc23c3eeea632fbfc5126d1fec52b7e/about_time-4.2.1-py3-none-any.whl", hash = "sha256:8bbf4c75fe13cbd3d72f49a03b02c5c7dca32169b6d49117c257e7eb3eaee341", size = 13295, upload-time = "2022-12-21T04:15:53.613Z" },
]

[[package]]
name = "alive-progress"
version = "3.2.0"
source = { registry = "https://pypi.org/simple" }
dependencies = [
    { name = "about-time" },
    { name = "grapheme" },
]
sdist = { url = "https://files.pythonhosted.org/packages/28/66/c2c1e6674b3b7202ce529cf7d9971c93031e843b8e0c86a85f693e6185b8/alive-progress-3.2.0.tar.gz", hash = "sha256:ede29d046ff454fe56b941f686f89dd9389430c4a5b7658e445cb0b80e0e4deb", size = 113231, upload-time = "2024-10-26T04:22:31.4Z" }
wheels = [
    { url = "https://files.pythonhosted.org/packages/57/39/cade3a5a97fffa3ae84f298208237b3a9f7112d6b0ed57e8ff4b755e44b4/alive_progress-3.2.0-py3-none-any.whl", hash = "sha256:0677929f8d3202572e9d142f08170b34dbbe256cc6d2afbf75ef187c7da964a8", size = 77106, upload-time = "2024-10-26T04:22:29.103Z" },
]

[[package]]
name = "fileextensionchanger"
version = "0.1.0"
source = { virtual = "." }
dependencies = [
    { name = "alive-progress" },
    { name = "polars" },
    { name = "ruff" },
    { name = "uv" },
]

[package.metadata]
requires-dist = [
    { name = "alive-progress", specifier = ">=3.2.0" },
    { name = "polars", specifier = ">=1.29.0" },
    { name = "ruff", specifier = ">=0.11.8" },
    { name = "uv", specifier = ">=0.7.2" },
]

[[package]]
name = "grapheme"
version = "0.6.0"
source = { registry = "https://pypi.org/simple" }
sdist = { url = "https://files.pythonhosted.org/packages/ce/e7/bbaab0d2a33e07c8278910c1d0d8d4f3781293dfbc70b5c38197159046bf/grapheme-0.6.0.tar.gz", hash = "sha256:44c2b9f21bbe77cfb05835fec230bd435954275267fea1858013b102f8603cca", size = 207306, upload-time = "2020-03-07T17:13:55.492Z" }

[[package]]
name = "polars"
version = "1.29.0"
source = { registry = "https://pypi.org/simple" }
sdist = { url = "https://files.pythonhosted.org/packages/0b/92/8d0e80fef779a392b1a736b554ffba62403026bad7df8a9de8b61dce018f/polars-1.29.0.tar.gz", hash = "sha256:d2acb71fce1ff0ea76db5f648abd91a7a6c460fafabce9a2e8175184efa00d02", size = 4582973, upload-time = "2025-04-30T20:57:22.46Z" }
wheels = [
    { url = "https://files.pythonhosted.org/packages/e7/5f/b277179cfce1258fecf4ad73cf627f670be41fdf088727090f68ca9c96ff/polars-1.29.0-cp39-abi3-macosx_10_12_x86_64.whl", hash = "sha256:d053ee3217df31468caf2f5ddb9fd0f3a94fd42afdf7d9abe23d9d424adca02b", size = 34206809, upload-time = "2025-04-30T20:56:14.744Z" },
    { url = "https://files.pythonhosted.org/packages/34/e7/634e5cb55ce8bef23ac8ad8e3834c9045f4b3cbdff1fb9e7826d864436e6/polars-1.29.0-cp39-abi3-macosx_11_0_arm64.whl", hash = "sha256:14131078e365eae5ccda3e67383cd43c0c0598d7f760bdf1cb4082566c5494ce", size = 31100055, upload-time = "2025-04-30T20:56:19.43Z" },
    { url = "https://files.pythonhosted.org/packages/50/15/0e9072e410731980ebc567c60a0a5f02bc2183310e48704ef83682cdd54c/polars-1.29.0-cp39-abi3-manylinux_2_17_x86_64.manylinux2014_x86_64.whl", hash = "sha256:54f6902da333f99208b8d27765d580ba0299b412787c0564275912122c228e40", size = 34828438, upload-time = "2025-04-30T20:56:22.839Z" },
    { url = "https://files.pythonhosted.org/packages/69/c0/90fcaac5c95aa225b3899698289c0424d429ef72248b593f15294f95a35e/polars-1.29.0-cp39-abi3-manylinux_2_24_aarch64.whl", hash = "sha256:7a0ac6a11088279af4d715f4b58068835f551fa5368504a53401743006115e78", size = 32073830, upload-time = "2025-04-30T20:56:26.742Z" },
    { url = "https://files.pythonhosted.org/packages/17/ed/e5e570e22a03549a3c5397035a006b2c6343856a9fd15cccb5db39bdfa0a/polars-1.29.0-cp39-abi3-win_amd64.whl", hash = "sha256:f5aac4656e58b1e12f9481950981ef68b5b0e53dd4903bd72472efd2d09a74c8", size = 34971841, upload-time = "2025-04-30T20:56:29.953Z" },
    { url = "https://files.pythonhosted.org/packages/45/fd/9039f609d76b3ebb13777f289502a00b52709aea5c35aed01d1090ac142f/polars-1.29.0-cp39-abi3-win_arm64.whl", hash = "sha256:0c105b07b980b77fe88c3200b015bf4695e53185385f0f244c13e2d1027c7bbf", size = 31298689, upload-time = "2025-04-30T20:56:33.449Z" },
]

[[package]]
name = "ruff"
version = "0.11.8"
source = { registry = "https://pypi.org/simple" }
sdist = { url = "https://files.pythonhosted.org/packages/52/f6/adcf73711f31c9f5393862b4281c875a462d9f639f4ccdf69dc368311c20/ruff-0.11.8.tar.gz", hash = "sha256:6d742d10626f9004b781f4558154bb226620a7242080e11caeffab1a40e99df8", size = 4086399, upload-time = "2025-05-01T14:53:24.459Z" }
wheels = [
    { url = "https://files.pythonhosted.org/packages/9f/60/c6aa9062fa518a9f86cb0b85248245cddcd892a125ca00441df77d79ef88/ruff-0.11.8-py3-none-linux_armv6l.whl", hash = "sha256:896a37516c594805e34020c4a7546c8f8a234b679a7716a3f08197f38913e1a3", size = 10272473, upload-time = "2025-05-01T14:52:37.252Z" },
    { url = "https://files.pythonhosted.org/packages/a0/e4/0325e50d106dc87c00695f7bcd5044c6d252ed5120ebf423773e00270f50/ruff-0.11.8-py3-none-macosx_10_12_x86_64.whl", hash = "sha256:ab86d22d3d721a40dd3ecbb5e86ab03b2e053bc93c700dc68d1c3346b36ce835", size = 11040862, upload-time = "2025-05-01T14:52:41.022Z" },
    { url = "https://files.pythonhosted.org/packages/e6/27/b87ea1a7be37fef0adbc7fd987abbf90b6607d96aa3fc67e2c5b858e1e53/ruff-0.11.8-py3-none-macosx_11_0_arm64.whl", hash = "sha256:258f3585057508d317610e8a412788cf726efeefa2fec4dba4001d9e6f90d46c", size = 10385273, upload-time = "2025-05-01T14:52:43.551Z" },
    { url = "https://files.pythonhosted.org/packages/d3/f7/3346161570d789045ed47a86110183f6ac3af0e94e7fd682772d89f7f1a1/ruff-0.11.8-py3-none-manylinux_2_17_aarch64.manylinux2014_aarch64.whl", hash = "sha256:727d01702f7c30baed3fc3a34901a640001a2828c793525043c29f7614994a8c", size = 10578330, upload-time = "2025-05-01T14:52:45.48Z" },
    { url = "https://files.pythonhosted.org/packages/c6/c3/327fb950b4763c7b3784f91d3038ef10c13b2d42322d4ade5ce13a2f9edb/ruff-0.11.8-py3-none-manylinux_2_17_armv7l.manylinux2014_armv7l.whl", hash = "sha256:3dca977cc4fc8f66e89900fa415ffe4dbc2e969da9d7a54bfca81a128c5ac219", size = 10122223, upload-time = "2025-05-01T14:52:47.675Z" },
    { url = "https://files.pythonhosted.org/packages/de/c7/ba686bce9adfeb6c61cb1bbadc17d58110fe1d602f199d79d4c880170f19/ruff-0.11.8-py3-none-manylinux_2_17_i686.manylinux2014_i686.whl", hash = "sha256:c657fa987d60b104d2be8b052d66da0a2a88f9bd1d66b2254333e84ea2720c7f", size = 11697353, upload-time = "2025-05-01T14:52:50.264Z" },
    { url = "https://files.pythonhosted.org/packages/53/8e/a4fb4a1ddde3c59e73996bb3ac51844ff93384d533629434b1def7a336b0/ruff-0.11.8-py3-none-manylinux_2_17_ppc64.manylinux2014_ppc64.whl", hash = "sha256:f2e74b021d0de5eceb8bd32919f6ff8a9b40ee62ed97becd44993ae5b9949474", size = 12375936, upload-time = "2025-05-01T14:52:52.394Z" },
    { url = "https://files.pythonhosted.org/packages/ad/a1/9529cb1e2936e2479a51aeb011307e7229225df9ac64ae064d91ead54571/ruff-0.11.8-py3-none-manylinux_2_17_ppc64le.manylinux2014_ppc64le.whl", hash = "sha256:f9b5ef39820abc0f2c62111f7045009e46b275f5b99d5e59dda113c39b7f4f38", size = 11850083, upload-time = "2025-05-01T14:52:55.424Z" },
    { url = "https://files.pythonhosted.org/packages/3e/94/8f7eac4c612673ae15a4ad2bc0ee62e03c68a2d4f458daae3de0e47c67ba/ruff-0.11.8-py3-none-manylinux_2_17_s390x.manylinux2014_s390x.whl", hash = "sha256:c1dba3135ca503727aa4648152c0fa67c3b1385d3dc81c75cd8a229c4b2a1458", size = 14005834, upload-time = "2025-05-01T14:52:58.056Z" },
    { url = "https://files.pythonhosted.org/packages/1e/7c/6f63b46b2be870cbf3f54c9c4154d13fac4b8827f22fa05ac835c10835b2/ruff-0.11.8-py3-none-manylinux_2_17_x86_64.manylinux2014_x86_64.whl", hash = "sha256:7f024d32e62faad0f76b2d6afd141b8c171515e4fb91ce9fd6464335c81244e5", size = 11503713, upload-time = "2025-05-01T14:53:01.244Z" },
    { url = "https://files.pythonhosted.org/packages/3a/91/57de411b544b5fe072779678986a021d87c3ee5b89551f2ca41200c5d643/ruff-0.11.8-py3-none-musllinux_1_2_aarch64.whl", hash = "sha256:d365618d3ad747432e1ae50d61775b78c055fee5936d77fb4d92c6f559741948", size = 10457182, upload-time = "2025-05-01T14:53:03.726Z" },
    { url = "https://files.pythonhosted.org/packages/01/49/cfe73e0ce5ecdd3e6f1137bf1f1be03dcc819d1bfe5cff33deb40c5926db/ruff-0.11.8-py3-none-musllinux_1_2_armv7l.whl", hash = "sha256:4d9aaa91035bdf612c8ee7266153bcf16005c7c7e2f5878406911c92a31633cb", size = 10101027, upload-time = "2025-05-01T14:53:06.555Z" },
    { url = "https://files.pythonhosted.org/packages/56/21/a5cfe47c62b3531675795f38a0ef1c52ff8de62eaddf370d46634391a3fb/ruff-0.11.8-py3-none-musllinux_1_2_i686.whl", hash = "sha256:0eba551324733efc76116d9f3a0d52946bc2751f0cd30661564117d6fd60897c", size = 11111298, upload-time = "2025-05-01T14:53:08.825Z" },
    { url = "https://files.pythonhosted.org/packages/36/98/f76225f87e88f7cb669ae92c062b11c0a1e91f32705f829bd426f8e48b7b/ruff-0.11.8-py3-none-musllinux_1_2_x86_64.whl", hash = "sha256:161eb4cff5cfefdb6c9b8b3671d09f7def2f960cee33481dd898caf2bcd02304", size = 11566884, upload-time = "2025-05-01T14:53:11.626Z" },
    { url = "https://files.pythonhosted.org/packages/de/7e/fff70b02e57852fda17bd43f99dda37b9bcf3e1af3d97c5834ff48d04715/ruff-0.11.8-py3-none-win32.whl", hash = "sha256:5b18caa297a786465cc511d7f8be19226acf9c0a1127e06e736cd4e1878c3ea2", size = 10451102, upload-time = "2025-05-01T14:53:14.303Z" },
    { url = "https://files.pythonhosted.org/packages/7b/a9/eaa571eb70648c9bde3120a1d5892597de57766e376b831b06e7c1e43945/ruff-0.11.8-py3-none-win_amd64.whl", hash = "sha256:6e70d11043bef637c5617297bdedec9632af15d53ac1e1ba29c448da9341b0c4", size = 11597410, upload-time = "2025-05-01T14:53:16.571Z" },
    { url = "https://files.pythonhosted.org/packages/cd/be/f6b790d6ae98f1f32c645f8540d5c96248b72343b0a56fab3a07f2941897/ruff-0.11.8-py3-none-win_arm64.whl", hash = "sha256:304432e4c4a792e3da85b7699feb3426a0908ab98bf29df22a31b0cdd098fac2", size = 10713129, upload-time = "2025-05-01T14:53:22.27Z" },
]

[[package]]
name = "uv"
version = "0.7.2"
source = { registry = "https://pypi.org/simple" }
sdist = { url = "https://files.pythonhosted.org/packages/fd/d4/c1104ee4d8a69e4834888cd850eb4f9327c585e5e60da108fda788d3872d/uv-0.7.2.tar.gz", hash = "sha256:45e619bb076916b79df8c5ecc28d1be04d1ccd0b63b080c44ae973b8deb33b25", size = 3293566, upload-time = "2025-04-30T19:25:33.065Z" }
wheels = [
    { url = "https://files.pythonhosted.org/packages/22/c3/68291a239dbedc0389fa5ce5b5b6c7c2a54c52bc11e9503276f376faa9e7/uv-0.7.2-py3-none-linux_armv6l.whl", hash = "sha256:e1e4394b54bc387f227ca1b2aa0348d35f6455b6168ca1826c1dc5f4fc3e8d20", size = 16590159, upload-time = "2025-04-30T19:24:45.58Z" },
    { url = "https://files.pythonhosted.org/packages/6c/ac/3c7e8df1d6bb84a805aa773ea4f6a006682f8241f331c9c359eb5310f042/uv-0.7.2-py3-none-macosx_10_12_x86_64.whl", hash = "sha256:c0edb194c35f1f12c75bec4fe2d7d4d09f0c2cec3a16102217a772620ce1d6e6", size = 16753976, upload-time = "2025-04-30T19:24:49.223Z" },
    { url = "https://files.pythonhosted.org/packages/42/ca/6a3f3c094794d482e3418f6a46c2753fa4f6ed2fe5b7ecf299db8cfed9ea/uv-0.7.2-py3-none-macosx_11_0_arm64.whl", hash = "sha256:be2e8d033936ba8ed9ccf85eb2d15c7a8db3bb3e9c4960bdf7c3c98034a6dbda", size = 15513631, upload-time = "2025-04-30T19:24:52.042Z" },
    { url = "https://files.pythonhosted.org/packages/1e/65/6fae29e0eb884fa1cab89b0fa865d409e0e2bcada8316cd50b4c81e8706c/uv-0.7.2-py3-none-manylinux_2_17_aarch64.manylinux2014_aarch64.musllinux_1_1_aarch64.whl", hash = "sha256:a314a94b42bc6014f18c877f723292306b76c10b455c2b385728e1470e661ced", size = 15972100, upload-time = "2025-04-30T19:24:54.847Z" },
    { url = "https://files.pythonhosted.org/packages/a6/92/3d8da1efc7f3272ccc65c50cb13abd9e6a32246bb6c258175c68a91d0d80/uv-0.7.2-py3-none-manylinux_2_17_armv7l.manylinux2014_armv7l.whl", hash = "sha256:e4d1652fe3608fa564dbeaeb2465208f691ac04b57f655ebef62e9ec6d37103d", size = 16288666, upload-time = "2025-04-30T19:24:57.368Z" },
    { url = "https://files.pythonhosted.org/packages/2c/5e/7d6a788c45d5e2686d01c4886ebb21149892a59bcfa15b66d0646e73aafa/uv-0.7.2-py3-none-manylinux_2_17_i686.manylinux2014_i686.whl", hash = "sha256:48c115a3c13c3b29748e325093ee04fd48eaf91145bedc68727f78e6a1c34ab8", size = 17165785, upload-time = "2025-04-30T19:25:00.28Z" },
    { url = "https://files.pythonhosted.org/packages/e4/9e/4d0a947ffa4b377c6e34935c23164c7914d7239154d254aa5938db6a7e83/uv-0.7.2-py3-none-manylinux_2_17_ppc64.manylinux2014_ppc64.whl", hash = "sha256:c388172209ca5a47706666d570a45fef3dd39db9258682e10b2f62ca521f0e91", size = 18014800, upload-time = "2025-04-30T19:25:03.394Z" },
    { url = "https://files.pythonhosted.org/packages/c7/31/781288f9f53e1770128f7830841d7d269097ed70a4afa71578d45721bfa2/uv-0.7.2-py3-none-manylinux_2_17_ppc64le.manylinux2014_ppc64le.whl", hash = "sha256:63c97cc5e8029a8dc0e1fc39f15f746be931345bc0aeae85feceaa1828f0de87", size = 17745484, upload-time = "2025-04-30T19:25:06.41Z" },
    { url = "https://files.pythonhosted.org/packages/6d/04/030eec46217225b77ccff1f2808e64074873d86fe445be3784649506e65e/uv-0.7.2-py3-none-manylinux_2_17_s390x.manylinux2014_s390x.whl", hash = "sha256:1fa315366ee36ad1f734734f3153e2f334342900061fc0ed18b06f3b9bb2dfe2", size = 22103174, upload-time = "2025-04-30T19:25:09.57Z" },
    { url = "https://files.pythonhosted.org/packages/5c/07/9d85d0a9ddd49dbec18bde741ffb33d0c671a153461b094a9c73504e1b92/uv-0.7.2-py3-none-manylinux_2_17_x86_64.manylinux2014_x86_64.whl", hash = "sha256:7236ec776c559fbc3ae4389b7cd506a2428ad9dd0402ac3d9446200ea3dc45f6", size = 17369922, upload-time = "2025-04-30T19:25:12.399Z" },
    { url = "https://files.pythonhosted.org/packages/11/18/cfef0efe3c4ebdd81422f35215bb915fd599fc946b40306186d87e90678b/uv-0.7.2-py3-none-manylinux_2_28_aarch64.whl", hash = "sha256:78ec372b2f5c7ff8a034e16dd04bc579a62561a5eac4b6dfc96af60298a97d31", size = 16209878, upload-time = "2025-04-30T19:25:15.336Z" },
    { url = "https://files.pythonhosted.org/packages/31/ed/2ddd7547203ddd368b9ec56b245e09931f868daf2d2b0e29c0b69584466d/uv-0.7.2-py3-none-musllinux_1_1_armv7l.whl", hash = "sha256:28fd5d689ae4f8f16533f091a6dd63e1ddf3b7c782003ac8a18584ddb8823cbe", size = 16271878, upload-time = "2025-04-30T19:25:17.758Z" },
    { url = "https://files.pythonhosted.org/packages/f0/9c/30a48a9d875b91b486286d1a4ccc081dad130acea0dca683c1786ddd7c84/uv-0.7.2-py3-none-musllinux_1_1_i686.whl", hash = "sha256:9aaacb143622cd437a446a4b316a546c02403b438cd7fd7556d62f47a9fd0a99", size = 16742005, upload-time = "2025-04-30T19:25:20.596Z" },
    { url = "https://files.pythonhosted.org/packages/a5/b3/5550a721a1e8a99117d960f16c05ad8d39aff79a3fc1aadf2ed13da4385f/uv-0.7.2-py3-none-musllinux_1_1_x86_64.whl", hash = "sha256:81b86fff996c302be6aa1c1ac6eb72b97a7277c319e52c0def50d40b1ffaa617", size = 17443927, upload-time = "2025-04-30T19:25:23.134Z" },
    { url = "https://files.pythonhosted.org/packages/52/1f/71a7c3e9c79718647fea1e6fe85ccc82d2629cd858b437ae2081190045cc/uv-0.7.2-py3-none-win32.whl", hash = "sha256:19a64c38657c4fbe7c945055755500116fdaac8e121381a5245ea66823f8c500", size = 16869579, upload-time = "2025-04-30T19:25:25.745Z" },
    { url = "https://files.pythonhosted.org/packages/44/f0/4424cf64533b7576610f7de5c94183d810743b08e81072a2bb2d98316947/uv-0.7.2-py3-none-win_amd64.whl", hash = "sha256:dc1ee6114c824f5880c584a96b2947a35817fdd3a0b752d1adbd926ae6872d1c", size = 18287842, upload-time = "2025-04-30T19:25:28.408Z" },
    { url = "https://files.pythonhosted.org/packages/0a/5c/12ce48cab21fb0f9bde4ea0c19ec2ab88d4aa9a53e148a52cfb9a41578c9/uv-0.7.2-py3-none-win_arm64.whl", hash = "sha256:0445e56d3f9651ad84d5a7f16efabba83bf305b73594f1c1bc0659aeab952040", size = 16929582, upload-time = "2025-04-30T19:25:31.021Z" },
]
